
Microsoft Visual Studio Solution File, Format Version 12.00
# Visual Studio Version 17
VisualStudioVersion = 17.8.34330.188
MinimumVisualStudioVersion = 10.0.40219.1
Project("{FAE04EC0-301F-11D3-BF4B-00C04F79EFBC}") = "fx-quote-service", "fx-quote-service.csproj", "{DBD2DB18-E645-440A-9708-0A90E0C21E76}"
EndProject
Global
	GlobalSection(SolutionConfigurationPlatforms) = preSolution
		Debug|Any CPU = Debug|Any CPU
		Release|Any CPU = Release|Any CPU
	EndGlobalSection
	GlobalSection(ProjectConfigurationPlatforms) = postSolution
		{DBD2DB18-E645-440A-9708-0A90E0C21E76}.Debug|Any CPU.ActiveCfg = Debug|Any CPU
		{DBD2DB18-E645-440A-9708-0A90E0C21E76}.Debug|Any CPU.Build.0 = Debug|Any CPU
		{DBD2DB18-E645-440A-9708-0A90E0C21E76}.Release|Any CPU.ActiveCfg = Release|Any CPU
		{DBD2DB18-E645-440A-9708-0A90E0C21E76}.Release|Any CPU.Build.0 = Release|Any CPU
	EndGlobalSection
	GlobalSection(SolutionProperties) = preSolution
		HideSolutionNode = FALSE
	EndGlobalSection
	GlobalSection(ExtensibilityGlobals) = postSolution
		SolutionGuid = {D6D03D18-586B-4867-99F8-9E93F1134C6A}
	EndGlobalSection
EndGlobal
